
Microsoft Visual Studio Solution File, Format Version 12.00
# Visual Studio Version 17
VisualStudioVersion = 17.1.32228.430
MinimumVisualStudioVersion = 10.0.40219.1
Project("{FAE04EC0-301F-11D3-BF4B-00C04F79EFBC}") = "eTickets", "eTickets.csproj", "{F627313E-2130-4D15-8255-0BB3A41C7C89}"
EndProject
Global
	GlobalSection(SolutionConfigurationPlatforms) = preSolution
		Debug|Any CPU = Debug|Any CPU
		Release|Any CPU = Release|Any CPU
	EndGlobalSection
	GlobalSection(ProjectConfigurationPlatforms) = postSolution
		{F627313E-2130-4D15-8255-0BB3A41C7C89}.Debug|Any CPU.ActiveCfg = Debug|Any CPU
		{F627313E-2130-4D15-8255-0BB3A41C7C89}.Debug|Any CPU.Build.0 = Debug|Any CPU
		{F627313E-2130-4D15-8255-0BB3A41C7C89}.Release|Any CPU.ActiveCfg = Release|Any CPU
		{F627313E-2130-4D15-8255-0BB3A41C7C89}.Release|Any CPU.Build.0 = Release|Any CPU
	EndGlobalSection
	GlobalSection(SolutionProperties) = preSolution
		HideSolutionNode = FALSE
	EndGlobalSection
	GlobalSection(ExtensibilityGlobals) = postSolution
		SolutionGuid = {5B8CAB8E-38DD-427B-9FF1-CC23E65DE016}
	EndGlobalSection
EndGlobal
